
Microsoft Visual Studio Solution File, Format Version 12.00
# Visual Studio Version 16
VisualStudioVersion = 16.0.32602.291
MinimumVisualStudioVersion = 10.0.40219.1
Project("{FAE04EC0-301F-11D3-BF4B-00C04F79EFBC}") = "KeyVaultIntegrationFunc", "KeyVaultIntegrationFunc.csproj", "{19D89446-AD59-4838-A9A4-720F98FB7582}"
EndProject
Global
	GlobalSection(SolutionConfigurationPlatforms) = preSolution
		Debug|Any CPU = Debug|Any CPU
		Release|Any CPU = Release|Any CPU
	EndGlobalSection
	GlobalSection(ProjectConfigurationPlatforms) = postSolution
		{19D89446-AD59-4838-A9A4-720F98FB7582}.Debug|Any CPU.ActiveCfg = Debug|Any CPU
		{19D89446-AD59-4838-A9A4-720F98FB7582}.Debug|Any CPU.Build.0 = Debug|Any CPU
		{19D89446-AD59-4838-A9A4-720F98FB7582}.Release|Any CPU.ActiveCfg = Release|Any CPU
		{19D89446-AD59-4838-A9A4-720F98FB7582}.Release|Any CPU.Build.0 = Release|Any CPU
	EndGlobalSection
	GlobalSection(SolutionProperties) = preSolution
		HideSolutionNode = FALSE
	EndGlobalSection
	GlobalSection(ExtensibilityGlobals) = postSolution
		SolutionGuid = {DB75192F-BC4A-43E2-9326-298C5A017F53}
	EndGlobalSection
EndGlobal
